
Microsoft Visual Studio Solution File, Format Version 12.00
# Visual Studio Version 16
VisualStudioVersion = 16.0.30002.166
MinimumVisualStudioVersion = 10.0.40219.1
Project("{FAE04EC0-301F-11D3-BF4B-00C04F79EFBC}") = "TokenViewer", "TokenViewer.csproj", "{DB2E01DD-F102-49E4-9CFA-A6769073BE6D}"
EndProject
Global
	GlobalSection(SolutionConfigurationPlatforms) = preSolution
		Debug|Any CPU = Debug|Any CPU
		Release|Any CPU = Release|Any CPU
	EndGlobalSection
	GlobalSection(ProjectConfigurationPlatforms) = postSolution
		{DB2E01DD-F102-49E4-9CFA-A6769073BE6D}.Debug|Any CPU.ActiveCfg = Debug|Any CPU
		{DB2E01DD-F102-49E4-9CFA-A6769073BE6D}.Debug|Any CPU.Build.0 = Debug|Any CPU
		{DB2E01DD-F102-49E4-9CFA-A6769073BE6D}.Release|Any CPU.ActiveCfg = Release|Any CPU
		{DB2E01DD-F102-49E4-9CFA-A6769073BE6D}.Release|Any CPU.Build.0 = Release|Any CPU
	EndGlobalSection
	GlobalSection(SolutionProperties) = preSolution
		HideSolutionNode = FALSE
	EndGlobalSection
	GlobalSection(ExtensibilityGlobals) = postSolution
		SolutionGuid = {C107DCBE-8A1C-47DD-9957-595B1402C3E3}
	EndGlobalSection
EndGlobal
