<?xml version="1.0" encoding="utf-8"?>
<Project ToolsVersion="4.0" xmlns="http://schemas.microsoft.com/developer/msbuild/2003">
  <ItemGroup>
    <Filter Include="Source Files">
      <UniqueIdentifier>{4FC737F1-C7A5-4376-A066-2A32D752A2FF}</UniqueIdentifier>
      <Extensions>cpp;c;cc;cxx;def;odl;idl;hpj;bat;asm;asmx</Extensions>
    </Filter>
    <Filter Include="Header Files">
      <UniqueIdentifier>{93995380-89BD-4b04-88EB-625FBE52EBFB}</UniqueIdentifier>
      <Extensions>h;hh;hpp;hxx;hm;inl;inc;xsd</Extensions>
    </Filter>
    <Filter Include="Resource Files">
      <UniqueIdentifier>{67DA6AB6-F800-4c08-8B7A-83BB121AAD01}</UniqueIdentifier>
      <Extensions>rc;ico;cur;bmp;dlg;rc2;rct;bin;rgs;gif;jpg;jpeg;jpe;resx;tiff;tif;png;wav;mfcribbon-ms</Extensions>
    </Filter>
  </ItemGroup>
  <ItemGroup>
    <ClInclude Include="stdafx.h">
      <Filter>Header Files</Filter>
    </ClInclude>
    <ClInclude Include="targetver.h">
      <Filter>Header Files</Filter>
    </ClInclude>
    <ClInclude Include="ph-include\ntdbg.h">
      <Filter>Header Files</Filter>
    </ClInclude>
    <ClInclude Include="ph-include\ntexapi.h">
      <Filter>Header Files</Filter>
    </ClInclude>
    <ClInclude Include="ph-include\ntgdi.h">
      <Filter>Header Files</Filter>
    </ClInclude>
    <ClInclude Include="ph-include\ntioapi.h">
      <Filter>Header Files</Filter>
    </ClInclude>
    <ClInclude Include="ph-include\ntkeapi.h">
      <Filter>Header Files</Filter>
    </ClInclude>
    <ClInclude Include="ph-include\ntldr.h">
      <Filter>Header Files</Filter>
    </ClInclude>
    <ClInclude Include="ph-include\ntlpcapi.h">
      <Filter>Header Files</Filter>
    </ClInclude>
    <ClInclude Include="ph-include\ntmisc.h">
      <Filter>Header Files</Filter>
    </ClInclude>
    <ClInclude Include="ph-include\ntmmapi.h">
      <Filter>Header Files</Filter>
    </ClInclude>
    <ClInclude Include="ph-include\ntnls.h">
      <Filter>Header Files</Filter>
    </ClInclude>
    <ClInclude Include="ph-include\ntobapi.h">
      <Filter>Header Files</Filter>
    </ClInclude>
    <ClInclude Include="ph-include\ntpebteb.h">
      <Filter>Header Files</Filter>
    </ClInclude>
    <ClInclude Include="ph-include\ntpfapi.h">
      <Filter>Header Files</Filter>
    </ClInclude>
    <ClInclude Include="ph-include\ntpnpapi.h">
      <Filter>Header Files</Filter>
    </ClInclude>
    <ClInclude Include="ph-include\ntpoapi.h">
      <Filter>Header Files</Filter>
    </ClInclude>
    <ClInclude Include="ph-include\ntpsapi.h">
      <Filter>Header Files</Filter>
    </ClInclude>
    <ClInclude Include="ph-include\ntregapi.h">
      <Filter>Header Files</Filter>
    </ClInclude>
    <ClInclude Include="ph-include\ntrtl.h">
      <Filter>Header Files</Filter>
    </ClInclude>
    <ClInclude Include="ph-include\ntsam.h">
      <Filter>Header Files</Filter>
    </ClInclude>
    <ClInclude Include="ph-include\ntseapi.h">
      <Filter>Header Files</Filter>
    </ClInclude>
    <ClInclude Include="ph-include\ntsmss.h">
      <Filter>Header Files</Filter>
    </ClInclude>
    <ClInclude Include="ph-include\nttmapi.h">
      <Filter>Header Files</Filter>
    </ClInclude>
    <ClInclude Include="ph-include\nttp.h">
      <Filter>Header Files</Filter>
    </ClInclude>
    <ClInclude Include="ph-include\ntwow64.h">
      <Filter>Header Files</Filter>
    </ClInclude>
    <ClInclude Include="ph-include\ntxcapi.h">
      <Filter>Header Files</Filter>
    </ClInclude>
    <ClInclude Include="ph-include\ntzwapi.h">
      <Filter>Header Files</Filter>
    </ClInclude>
    <ClInclude Include="ph-include\phnt.h">
      <Filter>Header Files</Filter>
    </ClInclude>
    <ClInclude Include="ph-include\phnt_ntdef.h">
      <Filter>Header Files</Filter>
    </ClInclude>
    <ClInclude Include="ph-include\phnt_windows.h">
      <Filter>Header Files</Filter>
    </ClInclude>
    <ClInclude Include="ph-include\subprocesstag.h">
      <Filter>Header Files</Filter>
    </ClInclude>
    <ClInclude Include="ph-include\winsta.h">
      <Filter>Header Files</Filter>
    </ClInclude>
  </ItemGroup>
  <ItemGroup>
    <ClCompile Include="stdafx.cpp">
      <Filter>Source Files</Filter>
    </ClCompile>
    <ClCompile Include="PrintDebugString.cpp">
      <Filter>Source Files</Filter>
    </ClCompile>
  </ItemGroup>
</Project>